
Microsoft Visual Studio Solution File, Format Version 12.00
# Visual Studio Version 17
VisualStudioVersion = 17.5.002.0
MinimumVisualStudioVersion = 10.0.40219.1
Project("{9A19103F-16F7-4668-BE54-9A1E7A4F7556}") = "meetingApp", "meetingApp.csproj", "{D05811AF-F8B2-4CE5-8A6F-3080F73A26F4}"
EndProject
Global
	GlobalSection(SolutionConfigurationPlatforms) = preSolution
		Debug|Any CPU = Debug|Any CPU
		Release|Any CPU = Release|Any CPU
	EndGlobalSection
	GlobalSection(ProjectConfigurationPlatforms) = postSolution
		{D05811AF-F8B2-4CE5-8A6F-3080F73A26F4}.Debug|Any CPU.ActiveCfg = Debug|Any CPU
		{D05811AF-F8B2-4CE5-8A6F-3080F73A26F4}.Debug|Any CPU.Build.0 = Debug|Any CPU
		{D05811AF-F8B2-4CE5-8A6F-3080F73A26F4}.Release|Any CPU.ActiveCfg = Release|Any CPU
		{D05811AF-F8B2-4CE5-8A6F-3080F73A26F4}.Release|Any CPU.Build.0 = Release|Any CPU
	EndGlobalSection
	GlobalSection(SolutionProperties) = preSolution
		HideSolutionNode = FALSE
	EndGlobalSection
	GlobalSection(ExtensibilityGlobals) = postSolution
		SolutionGuid = {461AD563-C650-4F0F-8C1B-E844780BD369}
	EndGlobalSection
EndGlobal
